// !$*UTF8*$!
{
	archiveVersion = 1;
	classes = {
	};
	objectVersion = 77;
	objects = {

/* Begin PBXBuildFile section */
		A73F0CBD2E350D2700B07BB2 /* WhisperKit in Frameworks */ = {isa = PBXBuildFile; productRef = A73F0CBC2E350D2700B07BB2 /* WhisperKit */; };
		A73F0CBF2E350D2700B07BB2 /* whisperkit-cli in Frameworks */ = {isa = PBXBuildFile; productRef = A73F0CBE2E350D2700B07BB2 /* whisperkit-cli */; };
		A743B08B2E3D479600785BFF /* MarkdownUI in Frameworks */ = {isa = PBXBuildFile; productRef = A743B08A2E3D479600785BFF /* MarkdownUI */; };
		A7BF55C92E38BF40003536FB /* Ollama in Frameworks */ = {isa = PBXBuildFile; productRef = A7BF55C82E38BF40003536FB /* Ollama */; };
		A7C35B112E3DFD2700F9261F /* Mockable in Frameworks */ = {isa = PBXBuildFile; productRef = A7C35B102E3DFD2700F9261F /* Mockable */; };
		A7C35B192E3DFDB500F9261F /* Mockable in Frameworks */ = {isa = PBXBuildFile; productRef = A7C35B182E3DFDB500F9261F /* Mockable */; };
/* End PBXBuildFile section */

/* Begin PBXContainerItemProxy section */
		A72106612E30165B0073C515 /* PBXContainerItemProxy */ = {
			isa = PBXContainerItemProxy;
			containerPortal = A721064A2E3016590073C515 /* Project object */;
			proxyType = 1;
			remoteGlobalIDString = A72106512E3016590073C515;
			remoteInfo = Recap;
		};
/* End PBXContainerItemProxy section */

/* Begin PBXFileReference section */
		A72106522E3016590073C515 /* Recap.app */ = {isa = PBXFileReference; explicitFileType = wrapper.application; includeInIndex = 0; path = Recap.app; sourceTree = BUILT_PRODUCTS_DIR; };
		A72106602E30165B0073C515 /* RecapTests.xctest */ = {isa = PBXFileReference; explicitFileType = wrapper.cfbundle; includeInIndex = 0; path = RecapTests.xctest; sourceTree = BUILT_PRODUCTS_DIR; };
/* End PBXFileReference section */

/* Begin PBXFileSystemSynchronizedBuildFileExceptionSet section */
		A7C35B1B2E3DFE1D00F9261F /* Exceptions for "Recap" folder in "RecapTests" target */ = {
			isa = PBXFileSystemSynchronizedBuildFileExceptionSet;
			membershipExceptions = (
				Audio/Models/AudioProcess.swift,
				Audio/Models/AudioProcessGroup.swift,
				Audio/Processing/Detection/AudioProcessControllerType.swift,
				DataModels/RecapDataModel.xcdatamodeld,
				Helpers/Availability/AvailabilityHelper.swift,
				"Helpers/Colors/Color+Extension.swift",
				Helpers/Constants/AppConstants.swift,
				Helpers/Constants/UIConstants.swift,
				Helpers/MeetingDetection/MeetingPatternMatcher.swift,
				Helpers/Permissions/PermissionsHelper.swift,
				Helpers/Permissions/PermissionsHelperType.swift,
				Repositories/LLMModels/LLMModelRepository.swift,
				Repositories/LLMModels/LLMModelRepositoryType.swift,
				Repositories/Models/LLMModelInfo.swift,
				Repositories/Models/LLMProvider.swift,
				Repositories/Models/RecordingInfo.swift,
				Repositories/Models/UserPreferencesInfo.swift,
				Repositories/Recordings/RecordingRepository.swift,
				Repositories/Recordings/RecordingRepositoryType.swift,
				Repositories/UserPreferences/UserPreferencesRepository.swift,
				Repositories/UserPreferences/UserPreferencesRepositoryType.swift,
				Services/CoreData/CoreDataManagerType.swift,
				Services/Keychain/KeychainAPIValidator.swift,
				Services/Keychain/KeychainAPIValidatorType.swift,
				Services/Keychain/KeychainService.swift,
				"Services/Keychain/KeychainService+Extensions.swift",
				Services/Keychain/KeychainServiceType.swift,
				Services/LLM/Core/LLMError.swift,
				Services/LLM/Core/LLMModelType.swift,
				Services/LLM/Core/LLMOptions.swift,
				Services/LLM/Core/LLMProviderType.swift,
				Services/LLM/Core/LLMTaskManageable.swift,
				Services/LLM/LLMService.swift,
				Services/LLM/LLMServiceType.swift,
				Services/LLM/Providers/Ollama/OllamaAPIClient.swift,
				Services/LLM/Providers/Ollama/OllamaModel.swift,
				Services/LLM/Providers/Ollama/OllamaProvider.swift,
				Services/LLM/Providers/OpenRouter/OpenRouterAPIClient.swift,
				Services/LLM/Providers/OpenRouter/OpenRouterModel.swift,
				Services/LLM/Providers/OpenRouter/OpenRouterProvider.swift,
				Services/MeetingDetection/Core/MeetingDetectionService.swift,
				Services/MeetingDetection/Core/MeetingDetectionServiceType.swift,
				Services/MeetingDetection/Detectors/GoogleMeetDetector.swift,
				Services/MeetingDetection/Detectors/MeetingDetectorType.swift,
				Services/MeetingDetection/Detectors/TeamsMeetingDetector.swift,
				Services/MeetingDetection/Detectors/ZoomMeetingDetector.swift,
				Services/Processing/Models/ProcessingError.swift,
				Services/Processing/Models/ProcessingResult.swift,
				Services/Processing/Models/ProcessingState.swift,
				Services/Processing/Models/RecordingProcessingState.swift,
				Services/Processing/ProcessingCoordinator.swift,
				Services/Processing/ProcessingCoordinatorType.swift,
				Services/Processing/SystemLifecycle/SystemLifecycleManager.swift,
				Services/Summarization/Models/SummarizationRequest.swift,
				Services/Summarization/Models/SummarizationResult.swift,
				Services/Summarization/SummarizationServiceType.swift,
				Services/Transcription/Models/TranscriptionSegment.swift,
				Services/Transcription/TranscriptionServiceType.swift,
				Services/Utilities/Warnings/ProviderWarningCoordinator.swift,
				Services/Utilities/Warnings/WarningManager.swift,
				Services/Utilities/Warnings/WarningManagerType.swift,
				UIComponents/Buttons/PillButton.swift,
				UIComponents/Cards/ActionableWarningCard.swift,
				UseCases/Onboarding/ViewModel/OnboardingViewModel.swift,
				UseCases/Onboarding/ViewModel/OnboardingViewModelType.swift,
				UseCases/Settings/Components/MeetingDetection/MeetingDetectionView.swift,
				UseCases/Settings/Components/Reusable/CustomToggle.swift,
				UseCases/Settings/Components/SettingsCard.swift,
				UseCases/Settings/ViewModels/General/GeneralSettingsViewModel.swift,
				UseCases/Settings/ViewModels/General/GeneralSettingsViewModelType.swift,
				UseCases/Settings/ViewModels/MeetingDetection/MeetingDetectionSettingsViewModel.swift,
				UseCases/Settings/ViewModels/MeetingDetection/MeetingDetectionSettingsViewModelType.swift,
				UseCases/Summary/Components/ProcessingProgressBar.swift,
				UseCases/Summary/Components/ProcessingStatesCard.swift,
				UseCases/Summary/ViewModel/SummaryViewModel.swift,
				UseCases/Summary/ViewModel/SummaryViewModelType.swift,
			);
			target = A721065F2E30165B0073C515 /* RecapTests */;
		};
		E7A63B8F2E84794D00192B23 /* Exceptions for "Recap" folder in "Recap" target */ = {
			isa = PBXFileSystemSynchronizedBuildFileExceptionSet;
			membershipExceptions = (
				Info.plist,
			);
			target = A72106512E3016590073C515 /* Recap */;
		};
/* End PBXFileSystemSynchronizedBuildFileExceptionSet section */

/* Begin PBXFileSystemSynchronizedRootGroup section */
		A72106542E3016590073C515 /* Recap */ = {
			isa = PBXFileSystemSynchronizedRootGroup;
			exceptions = (
				E7A63B8F2E84794D00192B23 /* Exceptions for "Recap" folder in "Recap" target */,
				A7C35B1B2E3DFE1D00F9261F /* Exceptions for "Recap" folder in "RecapTests" target */,
			);
			path = Recap;
			sourceTree = "<group>";
		};
		A72106632E30165B0073C515 /* RecapTests */ = {
			isa = PBXFileSystemSynchronizedRootGroup;
			path = RecapTests;
			sourceTree = "<group>";
		};
/* End PBXFileSystemSynchronizedRootGroup section */

/* Begin PBXFrameworksBuildPhase section */
		A721064F2E3016590073C515 /* Frameworks */ = {
			isa = PBXFrameworksBuildPhase;
			buildActionMask = 2147483647;
			files = (
				A7BF55C92E38BF40003536FB /* Ollama in Frameworks */,
				A73F0CBD2E350D2700B07BB2 /* WhisperKit in Frameworks */,
				A73F0CBF2E350D2700B07BB2 /* whisperkit-cli in Frameworks */,
				A743B08B2E3D479600785BFF /* MarkdownUI in Frameworks */,
				A7C35B112E3DFD2700F9261F /* Mockable in Frameworks */,
			);
			runOnlyForDeploymentPostprocessing = 0;
		};
		A721065D2E30165B0073C515 /* Frameworks */ = {
			isa = PBXFrameworksBuildPhase;
			buildActionMask = 2147483647;
			files = (
				A7C35B192E3DFDB500F9261F /* Mockable in Frameworks */,
			);
			runOnlyForDeploymentPostprocessing = 0;
		};
/* End PBXFrameworksBuildPhase section */

/* Begin PBXGroup section */
		A72106492E3016590073C515 = {
			isa = PBXGroup;
			children = (
				A72106542E3016590073C515 /* Recap */,
				A72106632E30165B0073C515 /* RecapTests */,
				A72106532E3016590073C515 /* Products */,
			);
			sourceTree = "<group>";
		};
		A72106532E3016590073C515 /* Products */ = {
			isa = PBXGroup;
			children = (
				A72106522E3016590073C515 /* Recap.app */,
				A72106602E30165B0073C515 /* RecapTests.xctest */,
			);
			name = Products;
			sourceTree = "<group>";
		};
/* End PBXGroup section */

/* Begin PBXNativeTarget section */
		A72106512E3016590073C515 /* Recap */ = {
			isa = PBXNativeTarget;
			buildConfigurationList = A72106742E30165B0073C515 /* Build configuration list for PBXNativeTarget "Recap" */;
			buildPhases = (
				A721064E2E3016590073C515 /* Sources */,
				A721064F2E3016590073C515 /* Frameworks */,
				A72106502E3016590073C515 /* Resources */,
			);
			buildRules = (
			);
			dependencies = (
			);
			fileSystemSynchronizedGroups = (
				A72106542E3016590073C515 /* Recap */,
			);
			name = Recap;
			packageProductDependencies = (
				A73F0CBC2E350D2700B07BB2 /* WhisperKit */,
				A73F0CBE2E350D2700B07BB2 /* whisperkit-cli */,
				A7BF55C82E38BF40003536FB /* Ollama */,
				A743B08A2E3D479600785BFF /* MarkdownUI */,
				A7C35B102E3DFD2700F9261F /* Mockable */,
			);
			productName = Recap;
			productReference = A72106522E3016590073C515 /* Recap.app */;
			productType = "com.apple.product-type.application";
		};
		A721065F2E30165B0073C515 /* RecapTests */ = {
			isa = PBXNativeTarget;
			buildConfigurationList = A72106772E30165B0073C515 /* Build configuration list for PBXNativeTarget "RecapTests" */;
			buildPhases = (
				A721065C2E30165B0073C515 /* Sources */,
				A721065D2E30165B0073C515 /* Frameworks */,
				A721065E2E30165B0073C515 /* Resources */,
			);
			buildRules = (
			);
			dependencies = (
				A72106622E30165B0073C515 /* PBXTargetDependency */,
			);
			fileSystemSynchronizedGroups = (
				A72106632E30165B0073C515 /* RecapTests */,
			);
			name = RecapTests;
			packageProductDependencies = (
				A7C35B182E3DFDB500F9261F /* Mockable */,
			);
			productName = RecapTests;
			productReference = A72106602E30165B0073C515 /* RecapTests.xctest */;
			productType = "com.apple.product-type.bundle.unit-test";
		};
/* End PBXNativeTarget section */

/* Begin PBXProject section */
		A721064A2E3016590073C515 /* Project object */ = {
			isa = PBXProject;
			attributes = {
				BuildIndependentTargetsInParallel = 1;
				LastSwiftUpdateCheck = 1640;
				LastUpgradeCheck = 2600;
				TargetAttributes = {
					A72106512E3016590073C515 = {
						CreatedOnToolsVersion = 16.4;
					};
					A721065F2E30165B0073C515 = {
						CreatedOnToolsVersion = 16.4;
						TestTargetID = A72106512E3016590073C515;
					};
				};
			};
			buildConfigurationList = A721064D2E3016590073C515 /* Build configuration list for PBXProject "Recap" */;
			developmentRegion = en;
			hasScannedForEncodings = 0;
			knownRegions = (
				en,
				Base,
			);
			mainGroup = A72106492E3016590073C515;
			minimizedProjectReferenceProxies = 1;
			packageReferences = (
				A73F0CBB2E350D2700B07BB2 /* XCRemoteSwiftPackageReference "WhisperKit" */,
				A7BF55C72E38BF40003536FB /* XCRemoteSwiftPackageReference "ollama-swift" */,
				A743B0892E3D479600785BFF /* XCRemoteSwiftPackageReference "swift-markdown-ui" */,
				A7C35B0F2E3DFD2700F9261F /* XCRemoteSwiftPackageReference "Mockable" */,
			);
			preferredProjectObjectVersion = 77;
			productRefGroup = A72106532E3016590073C515 /* Products */;
			projectDirPath = "";
			projectRoot = "";
			targets = (
				A72106512E3016590073C515 /* Recap */,
				A721065F2E30165B0073C515 /* RecapTests */,
			);
		};
/* End PBXProject section */

/* Begin PBXResourcesBuildPhase section */
		A72106502E3016590073C515 /* Resources */ = {
			isa = PBXResourcesBuildPhase;
			buildActionMask = 2147483647;
			files = (
			);
			runOnlyForDeploymentPostprocessing = 0;
		};
		A721065E2E30165B0073C515 /* Resources */ = {
			isa = PBXResourcesBuildPhase;
			buildActionMask = 2147483647;
			files = (
			);
			runOnlyForDeploymentPostprocessing = 0;
		};
/* End PBXResourcesBuildPhase section */

/* Begin PBXSourcesBuildPhase section */
		A721064E2E3016590073C515 /* Sources */ = {
			isa = PBXSourcesBuildPhase;
			buildActionMask = 2147483647;
			files = (
			);
			runOnlyForDeploymentPostprocessing = 0;
		};
		A721065C2E30165B0073C515 /* Sources */ = {
			isa = PBXSourcesBuildPhase;
			buildActionMask = 2147483647;
			files = (
			);
			runOnlyForDeploymentPostprocessing = 0;
		};
/* End PBXSourcesBuildPhase section */

/* Begin PBXTargetDependency section */
		A72106622E30165B0073C515 /* PBXTargetDependency */ = {
			isa = PBXTargetDependency;
			target = A72106512E3016590073C515 /* Recap */;
			targetProxy = A72106612E30165B0073C515 /* PBXContainerItemProxy */;
		};
/* End PBXTargetDependency section */

/* Begin XCBuildConfiguration section */
		A72106722E30165B0073C515 /* Debug */ = {
			isa = XCBuildConfiguration;
			buildSettings = {
				ALWAYS_SEARCH_USER_PATHS = NO;
				ASSETCATALOG_COMPILER_GENERATE_SWIFT_ASSET_SYMBOL_EXTENSIONS = YES;
				CLANG_ANALYZER_NONNULL = YES;
				CLANG_ANALYZER_NUMBER_OBJECT_CONVERSION = YES_AGGRESSIVE;
				CLANG_CXX_LANGUAGE_STANDARD = "gnu++20";
				CLANG_ENABLE_MODULES = YES;
				CLANG_ENABLE_OBJC_ARC = YES;
				CLANG_ENABLE_OBJC_WEAK = YES;
				CLANG_WARN_BLOCK_CAPTURE_AUTORELEASING = YES;
				CLANG_WARN_BOOL_CONVERSION = YES;
				CLANG_WARN_COMMA = YES;
				CLANG_WARN_CONSTANT_CONVERSION = YES;
				CLANG_WARN_DEPRECATED_OBJC_IMPLEMENTATIONS = YES;
				CLANG_WARN_DIRECT_OBJC_ISA_USAGE = YES_ERROR;
				CLANG_WARN_DOCUMENTATION_COMMENTS = YES;
				CLANG_WARN_EMPTY_BODY = YES;
				CLANG_WARN_ENUM_CONVERSION = YES;
				CLANG_WARN_INFINITE_RECURSION = YES;
				CLANG_WARN_INT_CONVERSION = YES;
				CLANG_WARN_NON_LITERAL_NULL_CONVERSION = YES;
				CLANG_WARN_OBJC_IMPLICIT_RETAIN_SELF = YES;
				CLANG_WARN_OBJC_LITERAL_CONVERSION = YES;
				CLANG_WARN_OBJC_ROOT_CLASS = YES_ERROR;
				CLANG_WARN_QUOTED_INCLUDE_IN_FRAMEWORK_HEADER = YES;
				CLANG_WARN_RANGE_LOOP_ANALYSIS = YES;
				CLANG_WARN_STRICT_PROTOTYPES = YES;
				CLANG_WARN_SUSPICIOUS_MOVE = YES;
				CLANG_WARN_UNGUARDED_AVAILABILITY = YES_AGGRESSIVE;
				CLANG_WARN_UNREACHABLE_CODE = YES;
				CLANG_WARN__DUPLICATE_METHOD_MATCH = YES;
				COPY_PHASE_STRIP = NO;
				DEAD_CODE_STRIPPING = YES;
				DEBUG_INFORMATION_FORMAT = dwarf;
				DEVELOPMENT_TEAM = EY7EQX6JC5;
				ENABLE_STRICT_OBJC_MSGSEND = YES;
				ENABLE_TESTABILITY = YES;
				ENABLE_USER_SCRIPT_SANDBOXING = YES;
				GCC_C_LANGUAGE_STANDARD = gnu17;
				GCC_DYNAMIC_NO_PIC = NO;
				GCC_NO_COMMON_BLOCKS = YES;
				GCC_OPTIMIZATION_LEVEL = 0;
				GCC_PREPROCESSOR_DEFINITIONS = (
					"DEBUG=1",
					"$(inherited)",
				);
				GCC_WARN_64_TO_32_BIT_CONVERSION = YES;
				GCC_WARN_ABOUT_RETURN_TYPE = YES_ERROR;
				GCC_WARN_UNDECLARED_SELECTOR = YES;
				GCC_WARN_UNINITIALIZED_AUTOS = YES_AGGRESSIVE;
				GCC_WARN_UNUSED_FUNCTION = YES;
				GCC_WARN_UNUSED_VARIABLE = YES;
				LOCALIZATION_PREFERS_STRING_CATALOGS = YES;
				MACOSX_DEPLOYMENT_TARGET = 15.5;
				MTL_ENABLE_DEBUG_INFO = INCLUDE_SOURCE;
				MTL_FAST_MATH = YES;
				ONLY_ACTIVE_ARCH = YES;
				SDKROOT = macosx;
				STRING_CATALOG_GENERATE_SYMBOLS = YES;
				SWIFT_ACTIVE_COMPILATION_CONDITIONS = "DEBUG $(inherited) MOCKING";
				SWIFT_OPTIMIZATION_LEVEL = "-Onone";
			};
			name = Debug;
		};
		A72106732E30165B0073C515 /* Release */ = {
			isa = XCBuildConfiguration;
			buildSettings = {
				ALWAYS_SEARCH_USER_PATHS = NO;
				ASSETCATALOG_COMPILER_GENERATE_SWIFT_ASSET_SYMBOL_EXTENSIONS = YES;
				CLANG_ANALYZER_NONNULL = YES;
				CLANG_ANALYZER_NUMBER_OBJECT_CONVERSION = YES_AGGRESSIVE;
				CLANG_CXX_LANGUAGE_STANDARD = "gnu++20";
				CLANG_ENABLE_MODULES = YES;
				CLANG_ENABLE_OBJC_ARC = YES;
				CLANG_ENABLE_OBJC_WEAK = YES;
				CLANG_WARN_BLOCK_CAPTURE_AUTORELEASING = YES;
				CLANG_WARN_BOOL_CONVERSION = YES;
				CLANG_WARN_COMMA = YES;
				CLANG_WARN_CONSTANT_CONVERSION = YES;
				CLANG_WARN_DEPRECATED_OBJC_IMPLEMENTATIONS = YES;
				CLANG_WARN_DIRECT_OBJC_ISA_USAGE = YES_ERROR;
				CLANG_WARN_DOCUMENTATION_COMMENTS = YES;
				CLANG_WARN_EMPTY_BODY = YES;
				CLANG_WARN_ENUM_CONVERSION = YES;
				CLANG_WARN_INFINITE_RECURSION = YES;
				CLANG_WARN_INT_CONVERSION = YES;
				CLANG_WARN_NON_LITERAL_NULL_CONVERSION = YES;
				CLANG_WARN_OBJC_IMPLICIT_RETAIN_SELF = YES;
				CLANG_WARN_OBJC_LITERAL_CONVERSION = YES;
				CLANG_WARN_OBJC_ROOT_CLASS = YES_ERROR;
				CLANG_WARN_QUOTED_INCLUDE_IN_FRAMEWORK_HEADER = YES;
				CLANG_WARN_RANGE_LOOP_ANALYSIS = YES;
				CLANG_WARN_STRICT_PROTOTYPES = YES;
				CLANG_WARN_SUSPICIOUS_MOVE = YES;
				CLANG_WARN_UNGUARDED_AVAILABILITY = YES_AGGRESSIVE;
				CLANG_WARN_UNREACHABLE_CODE = YES;
				CLANG_WARN__DUPLICATE_METHOD_MATCH = YES;
				COPY_PHASE_STRIP = NO;
				DEAD_CODE_STRIPPING = YES;
				DEBUG_INFORMATION_FORMAT = "dwarf-with-dsym";
				DEVELOPMENT_TEAM = EY7EQX6JC5;
				ENABLE_NS_ASSERTIONS = NO;
				ENABLE_STRICT_OBJC_MSGSEND = YES;
				ENABLE_USER_SCRIPT_SANDBOXING = YES;
				GCC_C_LANGUAGE_STANDARD = gnu17;
				GCC_NO_COMMON_BLOCKS = YES;
				GCC_WARN_64_TO_32_BIT_CONVERSION = YES;
				GCC_WARN_ABOUT_RETURN_TYPE = YES_ERROR;
				GCC_WARN_UNDECLARED_SELECTOR = YES;
				GCC_WARN_UNINITIALIZED_AUTOS = YES_AGGRESSIVE;
				GCC_WARN_UNUSED_FUNCTION = YES;
				GCC_WARN_UNUSED_VARIABLE = YES;
				LOCALIZATION_PREFERS_STRING_CATALOGS = YES;
				MACOSX_DEPLOYMENT_TARGET = 15.5;
				MTL_ENABLE_DEBUG_INFO = NO;
				MTL_FAST_MATH = YES;
				SDKROOT = macosx;
				STRING_CATALOG_GENERATE_SYMBOLS = YES;
				SWIFT_COMPILATION_MODE = wholemodule;
			};
			name = Release;
		};
		A72106752E30165B0073C515 /* Debug */ = {
			isa = XCBuildConfiguration;
			buildSettings = {
				ASSETCATALOG_COMPILER_APPICON_NAME = AppIcon;
				ASSETCATALOG_COMPILER_GLOBAL_ACCENT_COLOR_NAME = AccentColor;
				CODE_SIGN_ENTITLEMENTS = Recap/Recap.entitlements;
				CODE_SIGN_STYLE = Automatic;
				COMBINE_HIDPI_IMAGES = YES;
				CURRENT_PROJECT_VERSION = 1;
				DEAD_CODE_STRIPPING = YES;
				DEFINES_MODULE = YES;
				DEVELOPMENT_TEAM = "";
				ENABLE_APP_SANDBOX = YES;
				ENABLE_HARDENED_RUNTIME = YES;
				ENABLE_OUTGOING_NETWORK_CONNECTIONS = YES;
				ENABLE_PREVIEWS = YES;
				ENABLE_RESOURCE_ACCESS_AUDIO_INPUT = YES;
				ENABLE_USER_SELECTED_FILES = readonly;
				GENERATE_INFOPLIST_FILE = YES;
				INFOPLIST_FILE = Recap/Info.plist;
				INFOPLIST_KEY_CFBundleDisplayName = Recap;
				INFOPLIST_KEY_LSApplicationCategoryType = "public.app-category.productivity";
				INFOPLIST_KEY_NSHumanReadableCopyright = "";
				INFOPLIST_KEY_NSMicrophoneUsageDescription = "Recap needs microphone access to record and transcribe meeting audio.";
				LD_RUNPATH_SEARCH_PATHS = (
					"$(inherited)",
					"@executable_path/../Frameworks",
				);
				MACOSX_DEPLOYMENT_TARGET = 15.0;
				MARKETING_VERSION = 0.1.0;
				PRODUCT_BUNDLE_IDENTIFIER = dev.rawa.Recap;
				PRODUCT_NAME = "$(TARGET_NAME)";
				REGISTER_APP_GROUPS = YES;
				SWIFT_ACTIVE_COMPILATION_CONDITIONS = "DEBUG $(inherited) MOCKING";
				SWIFT_EMIT_LOC_STRINGS = YES;
				SWIFT_VERSION = 5.0;
			};
			name = Debug;
		};
		A72106762E30165B0073C515 /* Release */ = {
			isa = XCBuildConfiguration;
			buildSettings = {
				ASSETCATALOG_COMPILER_APPICON_NAME = AppIcon;
				ASSETCATALOG_COMPILER_GLOBAL_ACCENT_COLOR_NAME = AccentColor;
				CODE_SIGN_ENTITLEMENTS = Recap/Recap.entitlements;
				CODE_SIGN_STYLE = Automatic;
				COMBINE_HIDPI_IMAGES = YES;
				CURRENT_PROJECT_VERSION = 1;
				DEAD_CODE_STRIPPING = YES;
				DEFINES_MODULE = YES;
				DEVELOPMENT_TEAM = "";
				ENABLE_APP_SANDBOX = YES;
				ENABLE_HARDENED_RUNTIME = YES;
				ENABLE_OUTGOING_NETWORK_CONNECTIONS = YES;
				ENABLE_PREVIEWS = YES;
				ENABLE_RESOURCE_ACCESS_AUDIO_INPUT = YES;
				ENABLE_USER_SELECTED_FILES = readonly;
				GENERATE_INFOPLIST_FILE = YES;
				INFOPLIST_FILE = Recap/Info.plist;
				INFOPLIST_KEY_CFBundleDisplayName = Recap;
				INFOPLIST_KEY_LSApplicationCategoryType = "public.app-category.productivity";
				INFOPLIST_KEY_NSHumanReadableCopyright = "";
				INFOPLIST_KEY_NSMicrophoneUsageDescription = "Recap needs microphone access to record and transcribe meeting audio.";
				LD_RUNPATH_SEARCH_PATHS = (
					"$(inherited)",
					"@executable_path/../Frameworks",
				);
				MACOSX_DEPLOYMENT_TARGET = 15.0;
				MARKETING_VERSION = 0.1.0;
				PRODUCT_BUNDLE_IDENTIFIER = dev.rawa.Recap;
				PRODUCT_NAME = "$(TARGET_NAME)";
				REGISTER_APP_GROUPS = YES;
				SWIFT_EMIT_LOC_STRINGS = YES;
				SWIFT_VERSION = 5.0;
			};
			name = Release;
		};
		A72106782E30165B0073C515 /* Debug */ = {
			isa = XCBuildConfiguration;
			buildSettings = {
				BUNDLE_LOADER = "$(TEST_HOST)";
				CODE_SIGN_STYLE = Automatic;
				CURRENT_PROJECT_VERSION = 1;
				DEAD_CODE_STRIPPING = YES;
				DEVELOPMENT_TEAM = "";
				GENERATE_INFOPLIST_FILE = YES;
				MACOSX_DEPLOYMENT_TARGET = 15.0;
				MARKETING_VERSION = 1.0;
				PRODUCT_BUNDLE_IDENTIFIER = dev.rawa.RecapTests;
				PRODUCT_NAME = "$(TARGET_NAME)";
				SWIFT_ACTIVE_COMPILATION_CONDITIONS = "DEBUG $(inherited) MOCKING";
				SWIFT_EMIT_LOC_STRINGS = NO;
				SWIFT_VERSION = 5.0;
				TEST_HOST = "$(BUILT_PRODUCTS_DIR)/Recap.app/$(BUNDLE_EXECUTABLE_FOLDER_PATH)/Recap";
			};
			name = Debug;
		};
		A72106792E30165B0073C515 /* Release */ = {
			isa = XCBuildConfiguration;
			buildSettings = {
				BUNDLE_LOADER = "$(TEST_HOST)";
				CODE_SIGN_STYLE = Automatic;
				CURRENT_PROJECT_VERSION = 1;
				DEAD_CODE_STRIPPING = YES;
				DEVELOPMENT_TEAM = "";
				GENERATE_INFOPLIST_FILE = YES;
				MACOSX_DEPLOYMENT_TARGET = 15.0;
				MARKETING_VERSION = 1.0;
				PRODUCT_BUNDLE_IDENTIFIER = dev.rawa.RecapTests;
				PRODUCT_NAME = "$(TARGET_NAME)";
				SWIFT_EMIT_LOC_STRINGS = NO;
				SWIFT_VERSION = 5.0;
				TEST_HOST = "$(BUILT_PRODUCTS_DIR)/Recap.app/$(BUNDLE_EXECUTABLE_FOLDER_PATH)/Recap";
			};
			name = Release;
		};
/* End XCBuildConfiguration section */

/* Begin XCConfigurationList section */
		A721064D2E3016590073C515 /* Build configuration list for PBXProject "Recap" */ = {
			isa = XCConfigurationList;
			buildConfigurations = (
				A72106722E30165B0073C515 /* Debug */,
				A72106732E30165B0073C515 /* Release */,
			);
			defaultConfigurationIsVisible = 0;
			defaultConfigurationName = Release;
		};
		A72106742E30165B0073C515 /* Build configuration list for PBXNativeTarget "Recap" */ = {
			isa = XCConfigurationList;
			buildConfigurations = (
				A72106752E30165B0073C515 /* Debug */,
				A72106762E30165B0073C515 /* Release */,
			);
			defaultConfigurationIsVisible = 0;
			defaultConfigurationName = Release;
		};
		A72106772E30165B0073C515 /* Build configuration list for PBXNativeTarget "RecapTests" */ = {
			isa = XCConfigurationList;
			buildConfigurations = (
				A72106782E30165B0073C515 /* Debug */,
				A72106792E30165B0073C515 /* Release */,
			);
			defaultConfigurationIsVisible = 0;
			defaultConfigurationName = Release;
		};
/* End XCConfigurationList section */

/* Begin XCRemoteSwiftPackageReference section */
		A73F0CBB2E350D2700B07BB2 /* XCRemoteSwiftPackageReference "WhisperKit" */ = {
			isa = XCRemoteSwiftPackageReference;
			repositoryURL = "https://github.com/argmaxinc/WhisperKit.git";
			requirement = {
				kind = upToNextMajorVersion;
				minimumVersion = 0.9.0;
			};
		};
		A743B0892E3D479600785BFF /* XCRemoteSwiftPackageReference "swift-markdown-ui" */ = {
			isa = XCRemoteSwiftPackageReference;
			repositoryURL = "https://github.com/gonzalezreal/swift-markdown-ui";
			requirement = {
				kind = upToNextMajorVersion;
				minimumVersion = 2.4.1;
			};
		};
		A7BF55C72E38BF40003536FB /* XCRemoteSwiftPackageReference "ollama-swift" */ = {
			isa = XCRemoteSwiftPackageReference;
			repositoryURL = "https://github.com/mattt/ollama-swift";
			requirement = {
				kind = upToNextMajorVersion;
				minimumVersion = 1.8.0;
			};
		};
		A7C35B0F2E3DFD2700F9261F /* XCRemoteSwiftPackageReference "Mockable" */ = {
			isa = XCRemoteSwiftPackageReference;
			repositoryURL = "https://github.com/Kolos65/Mockable";
			requirement = {
				kind = upToNextMajorVersion;
				minimumVersion = 0.4.0;
			};
		};
/* End XCRemoteSwiftPackageReference section */

/* Begin XCSwiftPackageProductDependency section */
		A73F0CBC2E350D2700B07BB2 /* WhisperKit */ = {
			isa = XCSwiftPackageProductDependency;
			package = A73F0CBB2E350D2700B07BB2 /* XCRemoteSwiftPackageReference "WhisperKit" */;
			productName = WhisperKit;
		};
		A73F0CBE2E350D2700B07BB2 /* whisperkit-cli */ = {
			isa = XCSwiftPackageProductDependency;
			package = A73F0CBB2E350D2700B07BB2 /* XCRemoteSwiftPackageReference "WhisperKit" */;
			productName = "whisperkit-cli";
		};
		A743B08A2E3D479600785BFF /* MarkdownUI */ = {
			isa = XCSwiftPackageProductDependency;
			package = A743B0892E3D479600785BFF /* XCRemoteSwiftPackageReference "swift-markdown-ui" */;
			productName = MarkdownUI;
		};
		A7BF55C82E38BF40003536FB /* Ollama */ = {
			isa = XCSwiftPackageProductDependency;
			package = A7BF55C72E38BF40003536FB /* XCRemoteSwiftPackageReference "ollama-swift" */;
			productName = Ollama;
		};
		A7C35B102E3DFD2700F9261F /* Mockable */ = {
			isa = XCSwiftPackageProductDependency;
			package = A7C35B0F2E3DFD2700F9261F /* XCRemoteSwiftPackageReference "Mockable" */;
			productName = Mockable;
		};
		A7C35B182E3DFDB500F9261F /* Mockable */ = {
			isa = XCSwiftPackageProductDependency;
			package = A7C35B0F2E3DFD2700F9261F /* XCRemoteSwiftPackageReference "Mockable" */;
			productName = Mockable;
		};
/* End XCSwiftPackageProductDependency section */
	};
	rootObject = A721064A2E3016590073C515 /* Project object */;
}
